<?xml version="1.0" encoding="utf-8"?>
<Project ToolsVersion="4.0" xmlns="http://schemas.microsoft.com/developer/msbuild/2003">
  <ItemGroup>
    <Filter Include="Source Files">
      <UniqueIdentifier>{4FC737F1-C7A5-4376-A066-2A32D752A2FF}</UniqueIdentifier>
      <Extensions>cpp;c;cc;cxx;c++;cppm;ixx;def;odl;idl;hpj;bat;asm;asmx</Extensions>
    </Filter>
    <Filter Include="Utils">
      <UniqueIdentifier>{9110e869-7b57-4602-b906-7c6aef1fb65d}</UniqueIdentifier>
    </Filter>
    <Filter Include="Animator">
      <UniqueIdentifier>{06edc32c-f700-41e9-938b-50a453e6a2f6}</UniqueIdentifier>
    </Filter>
    <Filter Include="Animator\Animations">
      <UniqueIdentifier>{75acab2a-7e44-4c43-ba7b-f12e78217ad3}</UniqueIdentifier>
    </Filter>
    <Filter Include="Animator\Animations\PlayerAnimations">
      <UniqueIdentifier>{0f10ac65-1c72-4382-b4e6-67b92d8f7cee}</UniqueIdentifier>
    </Filter>
    <Filter Include="Animator\Animations\PlayerAnimations\UpperBody">
      <UniqueIdentifier>{a416bb27-9b2c-49f7-b384-d121a64ac78b}</UniqueIdentifier>
    </Filter>
    <Filter Include="Animator\Animations\PlayerAnimations\LowerBody">
      <UniqueIdentifier>{237e6d0d-49b9-4ce2-bf27-e02eee2b1681}</UniqueIdentifier>
    </Filter>
    <Filter Include="Animator\Animators">
      <UniqueIdentifier>{9401a41b-0642-4570-a88f-41f500facf67}</UniqueIdentifier>
    </Filter>
    <Filter Include="GameObjects">
      <UniqueIdentifier>{21801c90-4932-48c2-a832-bbee37f82777}</UniqueIdentifier>
    </Filter>
    <Filter Include="Utils\PlayerUtils">
      <UniqueIdentifier>{f37d5356-c327-499f-96e2-e46a8a67c38e}</UniqueIdentifier>
    </Filter>
    <Filter Include="Utils\SharedUtils">
      <UniqueIdentifier>{6e044f83-fcbb-4830-884d-574e073371d6}</UniqueIdentifier>
    </Filter>
    <Filter Include="GameObjects\Weaponry">
      <UniqueIdentifier>{ebd61dd6-25df-4f6a-875c-a48fc8a0ab09}</UniqueIdentifier>
    </Filter>
    <Filter Include="GameObjects\Weaponry\Projectiles">
      <UniqueIdentifier>{26404816-368c-42d0-8f8f-bf843587c6a1}</UniqueIdentifier>
    </Filter>
    <Filter Include="GameObjects\Components">
      <UniqueIdentifier>{7bd67768-e6ff-45ed-b419-ed3c8f8f9354}</UniqueIdentifier>
    </Filter>
    <Filter Include="GameObjects\Components\BoxCollider">
      <UniqueIdentifier>{0aec314a-eea5-4586-b748-c3ea949bfbe6}</UniqueIdentifier>
    </Filter>
    <Filter Include="GameObjects\Components\DebugWidget">
      <UniqueIdentifier>{c3614be9-caf0-450c-b92c-1c1a16964d06}</UniqueIdentifier>
    </Filter>
    <Filter Include="Level">
      <UniqueIdentifier>{c617be96-cca9-4b91-be8f-a81f2a6825b7}</UniqueIdentifier>
    </Filter>
    <Filter Include="Level\LevelEditor">
      <UniqueIdentifier>{7ec36a21-ab1d-499b-b228-48146f0b5b46}</UniqueIdentifier>
    </Filter>
    <Filter Include="Level\Levels">
      <UniqueIdentifier>{07f4373d-509e-452b-b8b3-9345074720a0}</UniqueIdentifier>
    </Filter>
    <Filter Include="Level\Levels\Level1">
      <UniqueIdentifier>{3bf406f1-6ce5-4b0a-97f8-fd330d7ae531}</UniqueIdentifier>
    </Filter>
    <Filter Include="Level\LevelEditor\Tools">
      <UniqueIdentifier>{13d96aa4-4ccc-44f9-a2ea-921401fa78b2}</UniqueIdentifier>
    </Filter>
    <Filter Include="Level\LevelEditor\Tools\cFullWallDrawTool">
      <UniqueIdentifier>{9b8ab1da-7633-4643-8637-b0167447fdfe}</UniqueIdentifier>
    </Filter>
    <Filter Include="Level\LevelEditor\Tools\cHalfWallDrawTool">
      <UniqueIdentifier>{30c8e70d-ac38-41fe-b183-6c1124c1a437}</UniqueIdentifier>
    </Filter>
    <Filter Include="GameSystems">
      <UniqueIdentifier>{4693c725-e2c4-411f-90bb-7c3583893976}</UniqueIdentifier>
    </Filter>
    <Filter Include="GameSystems\ApplicationManager">
      <UniqueIdentifier>{e3e695a5-eef9-45a7-8a8e-eb62aa3af98b}</UniqueIdentifier>
    </Filter>
    <Filter Include="GameSystems\GameManager">
      <UniqueIdentifier>{31e8143a-82b8-41cb-84c7-2dfdd955e158}</UniqueIdentifier>
    </Filter>
    <Filter Include="GameSystems\ProjectileManager">
      <UniqueIdentifier>{c4b9782d-adbd-410d-ae75-b9d934b4774b}</UniqueIdentifier>
    </Filter>
    <Filter Include="GameSystems\CameraManager">
      <UniqueIdentifier>{c7523b9b-18ae-4c42-a3b8-a3ab3472ec04}</UniqueIdentifier>
    </Filter>
    <Filter Include="GameSystems\LevelManager">
      <UniqueIdentifier>{a7e685b9-9e9f-4a01-9b90-6da3506e79fe}</UniqueIdentifier>
    </Filter>
    <Filter Include="GameSystems\FileInterface">
      <UniqueIdentifier>{eef23381-47fa-4c5d-90dc-4d06fd94e755}</UniqueIdentifier>
    </Filter>
    <Filter Include="GameObjects\Walls">
      <UniqueIdentifier>{36d090d1-a1a0-405a-a43d-e51f7a02cdb1}</UniqueIdentifier>
    </Filter>
    <Filter Include="GameObjects\Walls\HalfWall">
      <UniqueIdentifier>{c19ae9b4-ae63-40de-8ff5-ac784c32d5ed}</UniqueIdentifier>
    </Filter>
    <Filter Include="GameObjects\Walls\FullWall">
      <UniqueIdentifier>{21cf1fe1-8c62-4941-975a-d0e0dc58faca}</UniqueIdentifier>
    </Filter>
    <Filter Include="Character">
      <UniqueIdentifier>{cbb0d7ae-38e2-4c1f-a78d-e86c104b65e3}</UniqueIdentifier>
    </Filter>
    <Filter Include="Character\Player">
      <UniqueIdentifier>{4a890446-d6b6-4ae8-8030-f6659d7839ca}</UniqueIdentifier>
    </Filter>
    <Filter Include="Character\Player\PlayerController">
      <UniqueIdentifier>{369d9df5-1e67-46d7-a04b-0d57670c7682}</UniqueIdentifier>
    </Filter>
    <Filter Include="Character\Player\PlayerInput">
      <UniqueIdentifier>{ff937a56-f1d1-4811-a198-b58a5d68a1b0}</UniqueIdentifier>
    </Filter>
    <Filter Include="Character\Enemy">
      <UniqueIdentifier>{2ce9129d-c616-4f5d-ac03-13998c8c6cef}</UniqueIdentifier>
    </Filter>
    <Filter Include="Animator\Animators\PlayerAnimator">
      <UniqueIdentifier>{023a9cb3-19c8-4432-91b9-b3fc6a4c4081}</UniqueIdentifier>
    </Filter>
    <Filter Include="Animator\Animators\EnemyAnimator">
      <UniqueIdentifier>{e29ad282-3e08-41c3-9198-7e343c54ab16}</UniqueIdentifier>
    </Filter>
    <Filter Include="Animator\Animations\EnemyAnimations">
      <UniqueIdentifier>{7b04778a-2755-4032-a068-b6c3c464249c}</UniqueIdentifier>
    </Filter>
    <Filter Include="GameSystems\GameSettings">
      <UniqueIdentifier>{02799ec2-7d74-458a-b04c-7379078ad322}</UniqueIdentifier>
    </Filter>
    <Filter Include="GameSystems\EnemyManager">
      <UniqueIdentifier>{9e49c580-2c09-4ba5-8290-e98da921c1de}</UniqueIdentifier>
    </Filter>
    <Filter Include="GameObjects\Weaponry\Weapons">
      <UniqueIdentifier>{143857a3-8bf5-48c0-9f44-524eb5bdf8fc}</UniqueIdentifier>
    </Filter>
    <Filter Include="GameObjects\Weaponry\Weapons\Pistol">
      <UniqueIdentifier>{275ec719-2e4c-46d9-b20e-bb0042962753}</UniqueIdentifier>
    </Filter>
    <Filter Include="GameObjects\Weaponry\Weapons\Pistol\Droppable">
      <UniqueIdentifier>{ffe025ad-515e-4181-841b-ae80579a018d}</UniqueIdentifier>
    </Filter>
    <Filter Include="GameSystems\PickupManager">
      <UniqueIdentifier>{a9bfbb45-48c1-411b-bdf6-95c2cdc4d081}</UniqueIdentifier>
    </Filter>
    <Filter Include="GameObjects\Walls\ExitDoor">
      <UniqueIdentifier>{1b112865-a3ef-4397-aade-f7eca6fb5f1d}</UniqueIdentifier>
    </Filter>
    <Filter Include="Level\LevelEditor\Tools\cExitDoorDrawTool">
      <UniqueIdentifier>{3e6243e9-ecce-46d6-8dd4-b59ba3857e36}</UniqueIdentifier>
    </Filter>
    <Filter Include="GameObjects\ExitTriggerCollider">
      <UniqueIdentifier>{2050d7ca-8e44-47c3-aa1d-eeaa2f2eaf02}</UniqueIdentifier>
    </Filter>
    <Filter Include="Level\LevelEditor\Tools\cExitZoneDrawTool">
      <UniqueIdentifier>{7fcc7ab3-f1d7-481b-8176-e7db572b1cab}</UniqueIdentifier>
    </Filter>
    <Filter Include="Level\Levels\Level2">
      <UniqueIdentifier>{7f9916d9-ada6-47a8-8d2f-a9fab8c4e2c9}</UniqueIdentifier>
    </Filter>
    <Filter Include="Level\Levels\Level3">
      <UniqueIdentifier>{03739336-369a-4edb-adda-26d28c890893}</UniqueIdentifier>
    </Filter>
    <Filter Include="Level\LevelTracker">
      <UniqueIdentifier>{27305b9f-d8b1-455e-9ac8-71a1cc7018ed}</UniqueIdentifier>
    </Filter>
    <Filter Include="GameObjects\PlayerSpawner">
      <UniqueIdentifier>{63c27231-a149-4608-aa7b-87dc2ba80d26}</UniqueIdentifier>
    </Filter>
    <Filter Include="GameObjects\EnemySpawner">
      <UniqueIdentifier>{137e9ad7-5b06-44e6-8875-cab28a06ed26}</UniqueIdentifier>
    </Filter>
    <Filter Include="Level\LevelEditor\Tools\PlayerSpawnerTool">
      <UniqueIdentifier>{89262f79-d02a-4ac3-8999-aa05999ac198}</UniqueIdentifier>
    </Filter>
    <Filter Include="Level\LevelEditor\Tools\EnemySpawnerTool">
      <UniqueIdentifier>{0d6fcfc8-a7be-45a8-8b19-bdb711243508}</UniqueIdentifier>
    </Filter>
    <Filter Include="GameSystems\GameStateManager">
      <UniqueIdentifier>{e4f720ed-1e68-48a3-974e-1a768ca900c1}</UniqueIdentifier>
    </Filter>
    <Filter Include="Character\Enemy\Types">
      <UniqueIdentifier>{3902ff9f-2430-4a3a-8cb5-7dc531508dc8}</UniqueIdentifier>
    </Filter>
    <Filter Include="Character\Enemy\Types\Gunman">
      <UniqueIdentifier>{8dadc732-f063-4d5a-b79b-8bc55cf7a3ab}</UniqueIdentifier>
    </Filter>
    <Filter Include="Character\Enemy\Types\Monster">
      <UniqueIdentifier>{4dab4122-7414-43fc-a90b-3cad2ee56079}</UniqueIdentifier>
    </Filter>
    <Filter Include="Character\Enemy\Behaviors">
      <UniqueIdentifier>{b2705e56-c640-4986-8ba4-7c3642315736}</UniqueIdentifier>
    </Filter>
    <Filter Include="GameSystems\EventSystem">
      <UniqueIdentifier>{c8960e7b-8cb6-4970-a727-c89ee2c46153}</UniqueIdentifier>
    </Filter>
    <Filter Include="Utils\AudioManager">
      <UniqueIdentifier>{0f814cd5-f630-4605-ab5e-9bf65294c69e}</UniqueIdentifier>
    </Filter>
    <Filter Include="UI">
      <UniqueIdentifier>{84c5226e-f20b-43b1-8abc-d1f3a8df27a4}</UniqueIdentifier>
    </Filter>
    <Filter Include="UI\Button">
      <UniqueIdentifier>{0d4a6e6e-d9a1-4899-b547-8aeb6d549c4f}</UniqueIdentifier>
    </Filter>
    <Filter Include="UI\MainMenu">
      <UniqueIdentifier>{851fecff-298c-4bd2-870e-da3d487f021d}</UniqueIdentifier>
    </Filter>
    <Filter Include="UI\MainMenu\Buttons">
      <UniqueIdentifier>{c38cd912-c05d-4b54-93f4-56efb111876c}</UniqueIdentifier>
    </Filter>
    <Filter Include="Character\Enemy\Behaviors\Patrol">
      <UniqueIdentifier>{a8c91d3e-e4eb-4def-a8f6-7818a22a42ff}</UniqueIdentifier>
    </Filter>
    <Filter Include="Character\Enemy\Behaviors\Attack">
      <UniqueIdentifier>{60d2e95b-9b7b-4026-b2fb-12414e96c7dd}</UniqueIdentifier>
    </Filter>
    <Filter Include="GameSystems\Ractaster">
      <UniqueIdentifier>{1d120189-bbdc-443e-9f4a-ec346ad4749d}</UniqueIdentifier>
    </Filter>
    <Filter Include="Character\Enemy\Behaviors\Chase">
      <UniqueIdentifier>{eaa7a338-343d-4908-bc36-bc7cf8fe3ca6}</UniqueIdentifier>
    </Filter>
    <Filter Include="Character\Enemy\Behaviors\ReturnToSpawn">
      <UniqueIdentifier>{e1d5c2fe-7167-4140-830b-1aebc56b138e}</UniqueIdentifier>
    </Filter>
    <Filter Include="Animator\Animations\EnemyAnimations\UpperBody">
      <UniqueIdentifier>{99b927a2-2cdb-4a08-bec8-3d05f2366d91}</UniqueIdentifier>
    </Filter>
    <Filter Include="Animator\Animations\EnemyAnimations\UpperBody\Idle">
      <UniqueIdentifier>{c5ebec79-ca56-47a0-9840-7e65b822fc98}</UniqueIdentifier>
    </Filter>
    <Filter Include="Animator\Animations\EnemyAnimations\FullBody">
      <UniqueIdentifier>{6257879a-7ba0-4967-ba66-071a76f41434}</UniqueIdentifier>
    </Filter>
    <Filter Include="Animator\Animations\EnemyAnimations\FullBody\DeathAnimation">
      <UniqueIdentifier>{02bbde18-6de9-4f92-90e5-396281a2ae90}</UniqueIdentifier>
    </Filter>
    <Filter Include="Animator\Animations\EnemyAnimations\LowerBody">
      <UniqueIdentifier>{4b89e69d-ae08-42e0-b8af-ae9d27c8102f}</UniqueIdentifier>
    </Filter>
    <Filter Include="Animator\Animations\PlayerAnimations\LowerBody\Idle">
      <UniqueIdentifier>{9b8b7bf7-a781-4665-a5a3-d8b36c849dfc}</UniqueIdentifier>
    </Filter>
    <Filter Include="Animator\Animations\PlayerAnimations\LowerBody\Run">
      <UniqueIdentifier>{a4d80011-242d-485d-9605-3f66d06c181b}</UniqueIdentifier>
    </Filter>
    <Filter Include="Animator\Animations\EnemyAnimations\UpperBody\FirePistol">
      <UniqueIdentifier>{c658eb42-5719-4ffd-8fa5-7baed7eab8a1}</UniqueIdentifier>
    </Filter>
    <Filter Include="Animator\Animations\PlayerAnimations\UpperBody\Idle">
      <UniqueIdentifier>{ebd28afd-dfe0-42e3-9f1e-108d445875e1}</UniqueIdentifier>
    </Filter>
    <Filter Include="Animator\Animations\PlayerAnimations\UpperBody\FirePistol">
      <UniqueIdentifier>{93e1bfe3-0c21-4856-9024-acaa45de9955}</UniqueIdentifier>
    </Filter>
    <Filter Include="Animator\Animators\PlayerAnimator\UpperBody">
      <UniqueIdentifier>{710d0321-eb3e-46c4-ba86-c16c0fe93779}</UniqueIdentifier>
    </Filter>
    <Filter Include="Animator\Animators\PlayerAnimator\LowerBody">
      <UniqueIdentifier>{a5bb9cc3-1c78-49aa-bd8a-bf7607e1e247}</UniqueIdentifier>
    </Filter>
    <Filter Include="Animator\Animators\EnemyAnimator\LowerBody">
      <UniqueIdentifier>{5e2d7809-c803-4cf1-9c36-1194206c8b09}</UniqueIdentifier>
    </Filter>
    <Filter Include="Animator\Animators\EnemyAnimator\UpperBody">
      <UniqueIdentifier>{1912e94c-cbd7-45ea-9afb-3d36d27f74a6}</UniqueIdentifier>
    </Filter>
    <Filter Include="Animator\Animations\EnemyAnimations\LowerBody\Idle">
      <UniqueIdentifier>{40183f23-1c9d-4cb3-9447-04bf911378bc}</UniqueIdentifier>
    </Filter>
    <Filter Include="Animator\Animations\EnemyAnimations\LowerBody\Run">
      <UniqueIdentifier>{6516ccfb-c0eb-4b86-9fc2-71fb352a0270}</UniqueIdentifier>
    </Filter>
    <Filter Include="Animator\Animations\PlayerAnimations\FullBody">
      <UniqueIdentifier>{443533dc-f7b4-40a9-820a-5c3696562270}</UniqueIdentifier>
    </Filter>
    <Filter Include="UI\cGameUI">
      <UniqueIdentifier>{82a75ba3-757d-4580-a44c-de3f1412c9c4}</UniqueIdentifier>
    </Filter>
    <Filter Include="UI\cGameUI\AmmoUI">
      <UniqueIdentifier>{e08448ec-c647-4066-8bf9-eeda9a14f3d8}</UniqueIdentifier>
    </Filter>
    <Filter Include="UI\cGameUI\PauseMenuUI">
      <UniqueIdentifier>{a5f395d9-cac7-4fc6-87a9-a6dd688b7634}</UniqueIdentifier>
    </Filter>
    <Filter Include="UI\cGameUI\PauseMenuUI\PauseMenuButtons">
      <UniqueIdentifier>{d9b3c4d8-2cad-425e-8562-5d332ad92af8}</UniqueIdentifier>
    </Filter>
    <Filter Include="UI\MainMenu\Buttons\ExitButton">
      <UniqueIdentifier>{b8cf3f2e-5f57-430d-b201-a480f1fcf936}</UniqueIdentifier>
    </Filter>
    <Filter Include="UI\MainMenu\Buttons\PlayButton">
      <UniqueIdentifier>{536ada2d-c84d-484e-b131-a4a8fb6c5f7a}</UniqueIdentifier>
    </Filter>
    <Filter Include="UI\cGameUI\DebugMenuUI">
      <UniqueIdentifier>{ac4a7c80-376d-412a-8b38-59d37c9231ec}</UniqueIdentifier>
    </Filter>
    <Filter Include="UI\cGameUI\OptionsMenuUI">
      <UniqueIdentifier>{bcd5a428-69e2-476e-bdc0-a84f794ce860}</UniqueIdentifier>
    </Filter>
    <Filter Include="UI\cGameUI\DebugMenuUI\DebugMenuButtons">
      <UniqueIdentifier>{4a5074fd-2b91-49e2-946a-29b5cdef33cf}</UniqueIdentifier>
    </Filter>
    <Filter Include="UI\cGameUI\OptionsMenuUI\OptionsMenuButtons">
      <UniqueIdentifier>{c6befaf9-83ec-4810-a6c9-b44c10c161ba}</UniqueIdentifier>
    </Filter>
  </ItemGroup>
  <ItemGroup>
    <ClCompile Include="main.cpp">
      <Filter>Source Files</Filter>
    </ClCompile>
    <ClCompile Include="cAnimationBase.cpp">
      <Filter>Animator\Animations</Filter>
    </ClCompile>
    <ClCompile Include="cGameManager.cpp">
      <Filter>GameSystems\GameManager</Filter>
    </ClCompile>
    <ClCompile Include="cApplicationManager.cpp">
      <Filter>GameSystems\ApplicationManager</Filter>
    </ClCompile>
    <ClCompile Include="cPlayerUtils.cpp">
      <Filter>Utils\PlayerUtils</Filter>
    </ClCompile>
    <ClCompile Include="cSharedUtils.cpp">
      <Filter>Utils\SharedUtils</Filter>
    </ClCompile>
    <ClCompile Include="cPistol.cpp">
      <Filter>GameObjects\Weaponry\Weapons\Pistol</Filter>
    </ClCompile>
    <ClCompile Include="cBullet.cpp">
      <Filter>GameObjects\Weaponry\Projectiles</Filter>
    </ClCompile>
    <ClCompile Include="cProjectileManager.cpp">
      <Filter>GameSystems\ProjectileManager</Filter>
    </ClCompile>
    <ClCompile Include="cPlayerCharacter.cpp">
      <Filter>Character\Player\PlayerController</Filter>
    </ClCompile>
    <ClCompile Include="cPlayerInput.cpp">
      <Filter>Character\Player\PlayerInput</Filter>
    </ClCompile>
    <ClCompile Include="cCameraManager.cpp">
      <Filter>GameSystems\CameraManager</Filter>
    </ClCompile>
    <ClCompile Include="cBoxCollider.cpp">
      <Filter>GameObjects\Components\BoxCollider</Filter>
    </ClCompile>
    <ClCompile Include="cDebugWidget.cpp">
      <Filter>GameObjects\Components\DebugWidget</Filter>
    </ClCompile>
    <ClCompile Include="cFullWallDrawTool.cpp">
      <Filter>Level\LevelEditor\Tools\cFullWallDrawTool</Filter>
    </ClCompile>
    <ClCompile Include="cBaseLevel.cpp">
      <Filter>Level\Levels</Filter>
    </ClCompile>
    <ClCompile Include="cLevel1.cpp">
      <Filter>Level\Levels\Level1</Filter>
    </ClCompile>
    <ClCompile Include="cLevelManager.cpp">
      <Filter>GameSystems\LevelManager</Filter>
    </ClCompile>
    <ClCompile Include="cBaseDrawTool.cpp">
      <Filter>Level\LevelEditor\Tools</Filter>
    </ClCompile>
    <ClCompile Include="cEditorManager.cpp">
      <Filter>Level\LevelEditor</Filter>
    </ClCompile>
    <ClCompile Include="cFileInterface.cpp">
      <Filter>GameSystems\FileInterface</Filter>
    </ClCompile>
    <ClCompile Include="cWallBase.cpp">
      <Filter>GameObjects\Walls</Filter>
    </ClCompile>
    <ClCompile Include="cCharacter.cpp">
      <Filter>Character</Filter>
    </ClCompile>
    <ClCompile Include="cAnimatorBase.cpp">
      <Filter>Animator\Animators</Filter>
    </ClCompile>
    <ClCompile Include="cEnemyIdleAnimation.cpp">
      <Filter>Animator\Animations\EnemyAnimations\UpperBody\Idle</Filter>
    </ClCompile>
    <ClCompile Include="cEnemyManager.cpp">
      <Filter>GameSystems\EnemyManager</Filter>
    </ClCompile>
    <ClCompile Include="cPistolDropable.cpp">
      <Filter>GameObjects\Weaponry\Weapons\Pistol\Droppable</Filter>
    </ClCompile>
    <ClCompile Include="cEnemyDeathAnimation.cpp">
      <Filter>Animator\Animations\EnemyAnimations\FullBody\DeathAnimation</Filter>
    </ClCompile>
    <ClCompile Include="cPickupManager.cpp">
      <Filter>GameSystems\PickupManager</Filter>
    </ClCompile>
    <ClCompile Include="cExitDoor.cpp">
      <Filter>GameObjects\Walls\ExitDoor</Filter>
    </ClCompile>
    <ClCompile Include="cExitDoorDrawTool.cpp">
      <Filter>Level\LevelEditor\Tools\cExitDoorDrawTool</Filter>
    </ClCompile>
    <ClCompile Include="cHalfWallDrawTool.cpp">
      <Filter>Level\LevelEditor\Tools\cHalfWallDrawTool</Filter>
    </ClCompile>
    <ClCompile Include="cExitTrigger.cpp">
      <Filter>GameObjects\ExitTriggerCollider</Filter>
    </ClCompile>
    <ClCompile Include="cExitZoneDrawTool.cpp">
      <Filter>Level\LevelEditor\Tools\cExitZoneDrawTool</Filter>
    </ClCompile>
    <ClCompile Include="cLevel2.cpp">
      <Filter>Level\Levels\Level2</Filter>
    </ClCompile>
    <ClCompile Include="cLevel3.cpp">
      <Filter>Level\Levels\Level3</Filter>
    </ClCompile>
    <ClCompile Include="cLevelProgressTracker.cpp">
      <Filter>Level\LevelTracker</Filter>
    </ClCompile>
    <ClCompile Include="cPlayerSpawner.cpp">
      <Filter>GameObjects\PlayerSpawner</Filter>
    </ClCompile>
    <ClCompile Include="cEnemySpawner.cpp">
      <Filter>GameObjects\EnemySpawner</Filter>
    </ClCompile>
    <ClCompile Include="cPlayerSpawnerTool.cpp">
      <Filter>Level\LevelEditor\Tools\PlayerSpawnerTool</Filter>
    </ClCompile>
    <ClCompile Include="cEnemySpawnerTool.cpp">
      <Filter>Level\LevelEditor\Tools\EnemySpawnerTool</Filter>
    </ClCompile>
    <ClCompile Include="cGameStateManager.cpp">
      <Filter>GameSystems\GameStateManager</Filter>
    </ClCompile>
    <ClCompile Include="cEnemyCharacter.cpp">
      <Filter>Character\Enemy\Types\Gunman</Filter>
    </ClCompile>
    <ClCompile Include="cAudioManager.cpp">
      <Filter>Utils\AudioManager</Filter>
    </ClCompile>
    <ClCompile Include="cButtonUI.cpp">
      <Filter>UI\Button</Filter>
    </ClCompile>
    <ClCompile Include="cPauseMenu.cpp">
      <Filter>UI\cGameUI\PauseMenuUI</Filter>
    </ClCompile>
    <ClCompile Include="cMainMenu.cpp">
      <Filter>UI\MainMenu</Filter>
    </ClCompile>
    <ClCompile Include="cBehaviorPatrol.cpp">
      <Filter>Character\Enemy\Behaviors\Patrol</Filter>
    </ClCompile>
    <ClCompile Include="cBehaviorAttack.cpp">
      <Filter>Character\Enemy\Behaviors\Attack</Filter>
    </ClCompile>
    <ClCompile Include="cRaycaster.cpp">
      <Filter>GameSystems\Ractaster</Filter>
    </ClCompile>
    <ClCompile Include="cBehaviorChase.cpp">
      <Filter>Character\Enemy\Behaviors\Chase</Filter>
    </ClCompile>
    <ClCompile Include="cBehaviorReturnSpawn.cpp">
      <Filter>Character\Enemy\Behaviors\ReturnToSpawn</Filter>
    </ClCompile>
    <ClCompile Include="cAnimationLegsIdle.cpp">
      <Filter>Animator\Animations\PlayerAnimations\LowerBody\Idle</Filter>
    </ClCompile>
    <ClCompile Include="cAnimationLegsRun.cpp">
      <Filter>Animator\Animations\PlayerAnimations\LowerBody\Run</Filter>
    </ClCompile>
    <ClCompile Include="cAnimationPistolIdle.cpp">
      <Filter>Animator\Animations\PlayerAnimations\UpperBody\Idle</Filter>
    </ClCompile>
    <ClCompile Include="cAnimationPistolFire.cpp">
      <Filter>Animator\Animations\PlayerAnimations\UpperBody\FirePistol</Filter>
    </ClCompile>
    <ClCompile Include="cPlayerAnimator.cpp">
      <Filter>Animator\Animators\PlayerAnimator\UpperBody</Filter>
    </ClCompile>
    <ClCompile Include="cPlayerAnimatorLegs.cpp">
      <Filter>Animator\Animators\PlayerAnimator\LowerBody</Filter>
    </ClCompile>
    <ClCompile Include="cEnemyAnimator.cpp">
      <Filter>Animator\Animators\EnemyAnimator\UpperBody</Filter>
    </ClCompile>
    <ClCompile Include="cEnemyAnimatorLegs.cpp">
      <Filter>Animator\Animators\EnemyAnimator\LowerBody</Filter>
    </ClCompile>
    <ClCompile Include="cAnimationLegsEnemyIdle.cpp">
      <Filter>Animator\Animations\EnemyAnimations\LowerBody\Idle</Filter>
    </ClCompile>
    <ClCompile Include="cAnimationLegsEnemyRun.cpp">
      <Filter>Animator\Animations\EnemyAnimations\LowerBody\Run</Filter>
    </ClCompile>
    <ClCompile Include="cPlayerDeathAnimation.cpp">
      <Filter>Animator\Animations\PlayerAnimations\FullBody</Filter>
    </ClCompile>
    <ClCompile Include="cViewUI.cpp">
      <Filter>UI\cGameUI</Filter>
    </ClCompile>
    <ClCompile Include="cAmmoUI.cpp">
      <Filter>UI\cGameUI\AmmoUI</Filter>
    </ClCompile>
    <ClCompile Include="cPlayButton.cpp">
      <Filter>UI\MainMenu\Buttons\PlayButton</Filter>
    </ClCompile>
    <ClCompile Include="cExitButton.cpp">
      <Filter>UI\MainMenu\Buttons\ExitButton</Filter>
    </ClCompile>
    <ClCompile Include="PauseMenuButtons.cpp">
      <Filter>UI\cGameUI\PauseMenuUI\PauseMenuButtons</Filter>
    </ClCompile>
    <ClCompile Include="cDebugMenuUI.cpp">
      <Filter>UI\cGameUI\DebugMenuUI</Filter>
    </ClCompile>
    <ClCompile Include="cOptionsMenuUI.cpp">
      <Filter>UI\cGameUI\OptionsMenuUI</Filter>
    </ClCompile>
    <ClCompile Include="OptionsMenuButtons.cpp">
      <Filter>UI\cGameUI\OptionsMenuUI\OptionsMenuButtons</Filter>
    </ClCompile>
    <ClCompile Include="DebugMenuButtons.cpp">
      <Filter>UI\cGameUI\DebugMenuUI\DebugMenuButtons</Filter>
    </ClCompile>
  </ItemGroup>
  <ItemGroup>
    <ClInclude Include="cAnimationBase.h">
      <Filter>Animator\Animations</Filter>
    </ClInclude>
    <ClInclude Include="cPlayerAnimationBase.h">
      <Filter>Animator\Animations\PlayerAnimations</Filter>
    </ClInclude>
    <ClInclude Include="cGameManager.h">
      <Filter>GameSystems\GameManager</Filter>
    </ClInclude>
    <ClInclude Include="cApplicationManager.h">
      <Filter>GameSystems\ApplicationManager</Filter>
    </ClInclude>
    <ClInclude Include="cPlayerUtils.h">
      <Filter>Utils\PlayerUtils</Filter>
    </ClInclude>
    <ClInclude Include="cSharedUtils.h">
      <Filter>Utils\SharedUtils</Filter>
    </ClInclude>
    <ClInclude Include="cPistol.h">
      <Filter>GameObjects\Weaponry\Weapons\Pistol</Filter>
    </ClInclude>
    <ClInclude Include="cBullet.h">
      <Filter>GameObjects\Weaponry\Projectiles</Filter>
    </ClInclude>
    <ClInclude Include="cProjectileManager.h">
      <Filter>GameSystems\ProjectileManager</Filter>
    </ClInclude>
    <ClInclude Include="cPlayerCharacter.h">
      <Filter>Character\Player\PlayerController</Filter>
    </ClInclude>
    <ClInclude Include="cPlayerInput.h">
      <Filter>Character\Player\PlayerInput</Filter>
    </ClInclude>
    <ClInclude Include="cCameraManager.h">
      <Filter>GameSystems\CameraManager</Filter>
    </ClInclude>
    <ClInclude Include="cBoxCollider.h">
      <Filter>GameObjects\Components\BoxCollider</Filter>
    </ClInclude>
    <ClInclude Include="cDebugWidget.h">
      <Filter>GameObjects\Components\DebugWidget</Filter>
    </ClInclude>
    <ClInclude Include="cFullWallDrawTool.h">
      <Filter>Level\LevelEditor\Tools\cFullWallDrawTool</Filter>
    </ClInclude>
    <ClInclude Include="cBaseLevel.h">
      <Filter>Level\Levels</Filter>
    </ClInclude>
    <ClInclude Include="cLevel1.h">
      <Filter>Level\Levels\Level1</Filter>
    </ClInclude>
    <ClInclude Include="cLevelManager.h">
      <Filter>GameSystems\LevelManager</Filter>
    </ClInclude>
    <ClInclude Include="cBaseDrawTool.h">
      <Filter>Level\LevelEditor\Tools</Filter>
    </ClInclude>
    <ClInclude Include="cEditorManager.h">
      <Filter>Level\LevelEditor</Filter>
    </ClInclude>
    <ClInclude Include="cFileInterface.h">
      <Filter>GameSystems\FileInterface</Filter>
    </ClInclude>
    <ClInclude Include="cWallBase.h">
      <Filter>GameObjects\Walls</Filter>
    </ClInclude>
    <ClInclude Include="cFullWall.h">
      <Filter>GameObjects\Walls\FullWall</Filter>
    </ClInclude>
    <ClInclude Include="cHalfWall.h">
      <Filter>GameObjects\Walls\HalfWall</Filter>
    </ClInclude>
    <ClInclude Include="cCharacter.h">
      <Filter>Character</Filter>
    </ClInclude>
    <ClInclude Include="cAnimatorBase.h">
      <Filter>Animator\Animators</Filter>
    </ClInclude>
    <ClInclude Include="cEnemyIdleAnimation.h">
      <Filter>Animator\Animations\EnemyAnimations\UpperBody\Idle</Filter>
    </ClInclude>
    <ClInclude Include="cGameSettings.h">
      <Filter>GameSystems\GameSettings</Filter>
    </ClInclude>
    <ClInclude Include="cEnemyManager.h">
      <Filter>GameSystems\EnemyManager</Filter>
    </ClInclude>
    <ClInclude Include="cPistolDropable.h">
      <Filter>GameObjects\Weaponry\Weapons\Pistol\Droppable</Filter>
    </ClInclude>
    <ClInclude Include="cEnemyDeathAnimation.h">
      <Filter>Animator\Animations\EnemyAnimations\FullBody\DeathAnimation</Filter>
    </ClInclude>
    <ClInclude Include="cPickupManager.h">
      <Filter>GameSystems\PickupManager</Filter>
    </ClInclude>
    <ClInclude Include="cExitDoor.h">
      <Filter>GameObjects\Walls\ExitDoor</Filter>
    </ClInclude>
    <ClInclude Include="cExitDoorDrawTool.h">
      <Filter>Level\LevelEditor\Tools\cExitDoorDrawTool</Filter>
    </ClInclude>
    <ClInclude Include="cHalfWallDrawTool.h">
      <Filter>Level\LevelEditor\Tools\cHalfWallDrawTool</Filter>
    </ClInclude>
    <ClInclude Include="cExitTrigger.h">
      <Filter>GameObjects\ExitTriggerCollider</Filter>
    </ClInclude>
    <ClInclude Include="cExitZoneDrawTool.h">
      <Filter>Level\LevelEditor\Tools\cExitZoneDrawTool</Filter>
    </ClInclude>
    <ClInclude Include="cLevel2.h">
      <Filter>Level\Levels\Level2</Filter>
    </ClInclude>
    <ClInclude Include="cLevel3.h">
      <Filter>Level\Levels\Level3</Filter>
    </ClInclude>
    <ClInclude Include="cLevelProgressTracker.h">
      <Filter>Level\LevelTracker</Filter>
    </ClInclude>
    <ClInclude Include="cPlayerSpawner.h">
      <Filter>GameObjects\PlayerSpawner</Filter>
    </ClInclude>
    <ClInclude Include="cEnemySpawner.h">
      <Filter>GameObjects\EnemySpawner</Filter>
    </ClInclude>
    <ClInclude Include="cPlayerSpawnerTool.h">
      <Filter>Level\LevelEditor\Tools\PlayerSpawnerTool</Filter>
    </ClInclude>
    <ClInclude Include="cEnemySpawnerTool.h">
      <Filter>Level\LevelEditor\Tools\EnemySpawnerTool</Filter>
    </ClInclude>
    <ClInclude Include="cGameStateManager.h">
      <Filter>GameSystems\GameStateManager</Filter>
    </ClInclude>
    <ClInclude Include="cEnemyCharacter.h">
      <Filter>Character\Enemy\Types\Gunman</Filter>
    </ClInclude>
    <ClInclude Include="iEntity.h">
      <Filter>GameObjects</Filter>
    </ClInclude>
    <ClInclude Include="cEventSystem.h">
      <Filter>GameSystems\EventSystem</Filter>
    </ClInclude>
    <ClInclude Include="cAudioManager.h">
      <Filter>Utils\AudioManager</Filter>
    </ClInclude>
    <ClInclude Include="cButtonUI.h">
      <Filter>UI\Button</Filter>
    </ClInclude>
    <ClInclude Include="cPauseMenu.h">
      <Filter>UI\cGameUI\PauseMenuUI</Filter>
    </ClInclude>
    <ClInclude Include="cMainMenu.h">
      <Filter>UI\MainMenu</Filter>
    </ClInclude>
    <ClInclude Include="cBehaviorPatrol.h">
      <Filter>Character\Enemy\Behaviors\Patrol</Filter>
    </ClInclude>
    <ClInclude Include="iBehavior.h">
      <Filter>Character\Enemy\Behaviors</Filter>
    </ClInclude>
    <ClInclude Include="cBehaviorAttack.h">
      <Filter>Character\Enemy\Behaviors\Attack</Filter>
    </ClInclude>
    <ClInclude Include="cRaycaster.h">
      <Filter>GameSystems\Ractaster</Filter>
    </ClInclude>
    <ClInclude Include="cBehaviorChase.h">
      <Filter>Character\Enemy\Behaviors\Chase</Filter>
    </ClInclude>
    <ClInclude Include="cBehaviorReturnSpawn.h">
      <Filter>Character\Enemy\Behaviors\ReturnToSpawn</Filter>
    </ClInclude>
    <ClInclude Include="cAnimationLegsIdle.h">
      <Filter>Animator\Animations\PlayerAnimations\LowerBody\Idle</Filter>
    </ClInclude>
    <ClInclude Include="cAnimationLegsRun.h">
      <Filter>Animator\Animations\PlayerAnimations\LowerBody\Run</Filter>
    </ClInclude>
    <ClInclude Include="cAnimationPistolIdle.h">
      <Filter>Animator\Animations\PlayerAnimations\UpperBody\Idle</Filter>
    </ClInclude>
    <ClInclude Include="cAnimationPistolFire.h">
      <Filter>Animator\Animations\PlayerAnimations\UpperBody\FirePistol</Filter>
    </ClInclude>
    <ClInclude Include="cPlayerAnimator.h">
      <Filter>Animator\Animators\PlayerAnimator\UpperBody</Filter>
    </ClInclude>
    <ClInclude Include="cPlayerAnimatorLegs.h">
      <Filter>Animator\Animators\PlayerAnimator\LowerBody</Filter>
    </ClInclude>
    <ClInclude Include="cEnemyAnimator.h">
      <Filter>Animator\Animators\EnemyAnimator\UpperBody</Filter>
    </ClInclude>
    <ClInclude Include="cEnemyAnimatorLegs.h">
      <Filter>Animator\Animators\EnemyAnimator\LowerBody</Filter>
    </ClInclude>
    <ClInclude Include="cAnimationLegsEnemyIdle.h">
      <Filter>Animator\Animations\EnemyAnimations\LowerBody\Idle</Filter>
    </ClInclude>
    <ClInclude Include="cAnimationLegsEnemyRun.h">
      <Filter>Animator\Animations\EnemyAnimations\LowerBody\Run</Filter>
    </ClInclude>
    <ClInclude Include="cPlayerDeathAnimation.h">
      <Filter>Animator\Animations\PlayerAnimations\FullBody</Filter>
    </ClInclude>
    <ClInclude Include="cViewUI.h">
      <Filter>UI\cGameUI</Filter>
    </ClInclude>
    <ClInclude Include="cAmmoUI.h">
      <Filter>UI\cGameUI\AmmoUI</Filter>
    </ClInclude>
    <ClInclude Include="PauseMenuButtons.h">
      <Filter>UI\cGameUI\PauseMenuUI\PauseMenuButtons</Filter>
    </ClInclude>
    <ClInclude Include="cPlayButton.h">
      <Filter>UI\MainMenu\Buttons\PlayButton</Filter>
    </ClInclude>
    <ClInclude Include="cExitButton.h">
      <Filter>UI\MainMenu\Buttons\ExitButton</Filter>
    </ClInclude>
    <ClInclude Include="cDebugMenuUI.h">
      <Filter>UI\cGameUI\DebugMenuUI</Filter>
    </ClInclude>
    <ClInclude Include="cOptionsMenuUI.h">
      <Filter>UI\cGameUI\OptionsMenuUI</Filter>
    </ClInclude>
    <ClInclude Include="OptionsMenuButtons.h">
      <Filter>UI\cGameUI\OptionsMenuUI\OptionsMenuButtons</Filter>
    </ClInclude>
    <ClInclude Include="DebugMenuButtons.h">
      <Filter>UI\cGameUI\DebugMenuUI\DebugMenuButtons</Filter>
    </ClInclude>
  </ItemGroup>
</Project>