<?xml version="1.0" encoding="utf-8"?>
<Project ToolsVersion="4.0" xmlns="http://schemas.microsoft.com/developer/msbuild/2003">
  <ItemGroup>
    <Filter Include="Source Files">
      <UniqueIdentifier>{4FC737F1-C7A5-4376-A066-2A32D752A2FF}</UniqueIdentifier>
      <Extensions>cpp;c;cc;cxx;c++;cppm;ixx;def;odl;idl;hpj;bat;asm;asmx</Extensions>
    </Filter>
    <Filter Include="Resource Files">
      <UniqueIdentifier>{67DA6AB6-F800-4c08-8B7A-83BB121AAD01}</UniqueIdentifier>
      <Extensions>rc;ico;cur;bmp;dlg;rc2;rct;bin;rgs;gif;jpg;jpeg;jpe;resx;tiff;tif;png;wav;mfcribbon-ms</Extensions>
    </Filter>
    <Filter Include="Player">
      <UniqueIdentifier>{4a890446-d6b6-4ae8-8030-f6659d7839ca}</UniqueIdentifier>
    </Filter>
    <Filter Include="Utils">
      <UniqueIdentifier>{9110e869-7b57-4602-b906-7c6aef1fb65d}</UniqueIdentifier>
    </Filter>
    <Filter Include="Animator">
      <UniqueIdentifier>{06edc32c-f700-41e9-938b-50a453e6a2f6}</UniqueIdentifier>
    </Filter>
    <Filter Include="Animator\Animations">
      <UniqueIdentifier>{75acab2a-7e44-4c43-ba7b-f12e78217ad3}</UniqueIdentifier>
    </Filter>
    <Filter Include="Animator\Animations\PlayerAnimations">
      <UniqueIdentifier>{0f10ac65-1c72-4382-b4e6-67b92d8f7cee}</UniqueIdentifier>
    </Filter>
    <Filter Include="Animator\Animations\PlayerAnimations\UpperBody">
      <UniqueIdentifier>{a416bb27-9b2c-49f7-b384-d121a64ac78b}</UniqueIdentifier>
    </Filter>
    <Filter Include="Animator\Animations\PlayerAnimations\LowerBody">
      <UniqueIdentifier>{237e6d0d-49b9-4ce2-bf27-e02eee2b1681}</UniqueIdentifier>
    </Filter>
    <Filter Include="Animator\Animators">
      <UniqueIdentifier>{9401a41b-0642-4570-a88f-41f500facf67}</UniqueIdentifier>
    </Filter>
    <Filter Include="GameManagers">
      <UniqueIdentifier>{4693c725-e2c4-411f-90bb-7c3583893976}</UniqueIdentifier>
    </Filter>
    <Filter Include="GameManagers\ApplicationManager">
      <UniqueIdentifier>{e3e695a5-eef9-45a7-8a8e-eb62aa3af98b}</UniqueIdentifier>
    </Filter>
    <Filter Include="GameManagers\GameManager">
      <UniqueIdentifier>{31e8143a-82b8-41cb-84c7-2dfdd955e158}</UniqueIdentifier>
    </Filter>
    <Filter Include="GameObjects">
      <UniqueIdentifier>{21801c90-4932-48c2-a832-bbee37f82777}</UniqueIdentifier>
    </Filter>
    <Filter Include="Utils\PlayerUtils">
      <UniqueIdentifier>{f37d5356-c327-499f-96e2-e46a8a67c38e}</UniqueIdentifier>
    </Filter>
    <Filter Include="Utils\SharedUtils">
      <UniqueIdentifier>{6e044f83-fcbb-4830-884d-574e073371d6}</UniqueIdentifier>
    </Filter>
    <Filter Include="GameObjects\Weaponry">
      <UniqueIdentifier>{ebd61dd6-25df-4f6a-875c-a48fc8a0ab09}</UniqueIdentifier>
    </Filter>
    <Filter Include="GameObjects\Weaponry\Projectiles">
      <UniqueIdentifier>{26404816-368c-42d0-8f8f-bf843587c6a1}</UniqueIdentifier>
    </Filter>
    <Filter Include="GameObjects\Weaponry\Pistol">
      <UniqueIdentifier>{275ec719-2e4c-46d9-b20e-bb0042962753}</UniqueIdentifier>
    </Filter>
    <Filter Include="GameManagers\ProjectileManager">
      <UniqueIdentifier>{c4b9782d-adbd-410d-ae75-b9d934b4774b}</UniqueIdentifier>
    </Filter>
  </ItemGroup>
  <ItemGroup>
    <ClCompile Include="main.cpp">
      <Filter>Source Files</Filter>
    </ClCompile>
    <ClCompile Include="cPlayerInput.cpp">
      <Filter>Player</Filter>
    </ClCompile>
    <ClCompile Include="cPlayerCharacter.cpp">
      <Filter>Player</Filter>
    </ClCompile>
    <ClCompile Include="cAnimationBase.cpp">
      <Filter>Animator\Animations</Filter>
    </ClCompile>
    <ClCompile Include="cAnimationPistolIdle.cpp">
      <Filter>Animator\Animations\PlayerAnimations\UpperBody</Filter>
    </ClCompile>
    <ClCompile Include="cPlayerAnimator.cpp">
      <Filter>Animator\Animators</Filter>
    </ClCompile>
    <ClCompile Include="cGameManager.cpp">
      <Filter>GameManagers\GameManager</Filter>
    </ClCompile>
    <ClCompile Include="cApplicationManager.cpp">
      <Filter>GameManagers\ApplicationManager</Filter>
    </ClCompile>
    <ClCompile Include="cPlayerUtils.cpp">
      <Filter>Utils\PlayerUtils</Filter>
    </ClCompile>
    <ClCompile Include="cSharedUtils.cpp">
      <Filter>Utils\SharedUtils</Filter>
    </ClCompile>
    <ClCompile Include="cPistol.cpp">
      <Filter>GameObjects\Weaponry\Pistol</Filter>
    </ClCompile>
    <ClCompile Include="cBullet.cpp">
      <Filter>GameObjects\Weaponry\Projectiles</Filter>
    </ClCompile>
    <ClCompile Include="cProjectileManager.cpp">
      <Filter>GameManagers\ProjectileManager</Filter>
    </ClCompile>
  </ItemGroup>
  <ItemGroup>
    <ClInclude Include="cPlayerInput.h">
      <Filter>Player</Filter>
    </ClInclude>
    <ClInclude Include="cPlayerCharacter.h">
      <Filter>Player</Filter>
    </ClInclude>
    <ClInclude Include="cAnimationBase.h">
      <Filter>Animator\Animations</Filter>
    </ClInclude>
    <ClInclude Include="cAnimationPistolIdle.h">
      <Filter>Animator\Animations\PlayerAnimations\UpperBody</Filter>
    </ClInclude>
    <ClInclude Include="cPlayerAnimationBase.h">
      <Filter>Animator\Animations\PlayerAnimations</Filter>
    </ClInclude>
    <ClInclude Include="cPlayerAnimator.h">
      <Filter>Animator\Animators</Filter>
    </ClInclude>
    <ClInclude Include="cGameManager.h">
      <Filter>GameManagers\GameManager</Filter>
    </ClInclude>
    <ClInclude Include="cApplicationManager.h">
      <Filter>GameManagers\ApplicationManager</Filter>
    </ClInclude>
    <ClInclude Include="cPlayerUtils.h">
      <Filter>Utils\PlayerUtils</Filter>
    </ClInclude>
    <ClInclude Include="cSharedUtils.h">
      <Filter>Utils\SharedUtils</Filter>
    </ClInclude>
    <ClInclude Include="cPistol.h">
      <Filter>GameObjects\Weaponry\Pistol</Filter>
    </ClInclude>
    <ClInclude Include="cBullet.h">
      <Filter>GameObjects\Weaponry\Projectiles</Filter>
    </ClInclude>
    <ClInclude Include="cProjectileManager.h">
      <Filter>GameManagers\ProjectileManager</Filter>
    </ClInclude>
  </ItemGroup>
</Project>